
Microsoft Visual Studio Solution File, Format Version 12.00
# Visual Studio Version 16
VisualStudioVersion = 16.0.31424.327
MinimumVisualStudioVersion = 10.0.40219.1
Project("{FAE04EC0-301F-11D3-BF4B-00C04F79EFBC}") = "D20ReverseEngineer", "D20ReverseEngineer\D20ReverseEngineer.csproj", "{D7295DDD-FFED-4876-A780-668408A88989}"
EndProject
Project("{FAE04EC0-301F-11D3-BF4B-00C04F79EFBC}") = "RulesDatabase", "RulesDatabase\RulesDatabase.csproj", "{207467D0-2BA5-41DB-9721-CD057A765DDF}"
EndProject
Global
	GlobalSection(SolutionConfigurationPlatforms) = preSolution
		Debug|Any CPU = Debug|Any CPU
		Release|Any CPU = Release|Any CPU
	EndGlobalSection
	GlobalSection(ProjectConfigurationPlatforms) = postSolution
		{D7295DDD-FFED-4876-A780-668408A88989}.Debug|Any CPU.ActiveCfg = Debug|Any CPU
		{D7295DDD-FFED-4876-A780-668408A88989}.Debug|Any CPU.Build.0 = Debug|Any CPU
		{D7295DDD-FFED-4876-A780-668408A88989}.Release|Any CPU.ActiveCfg = Release|Any CPU
		{D7295DDD-FFED-4876-A780-668408A88989}.Release|Any CPU.Build.0 = Release|Any CPU
		{207467D0-2BA5-41DB-9721-CD057A765DDF}.Debug|Any CPU.ActiveCfg = Debug|Any CPU
		{207467D0-2BA5-41DB-9721-CD057A765DDF}.Debug|Any CPU.Build.0 = Debug|Any CPU
		{207467D0-2BA5-41DB-9721-CD057A765DDF}.Release|Any CPU.ActiveCfg = Release|Any CPU
		{207467D0-2BA5-41DB-9721-CD057A765DDF}.Release|Any CPU.Build.0 = Release|Any CPU
	EndGlobalSection
	GlobalSection(SolutionProperties) = preSolution
		HideSolutionNode = FALSE
	EndGlobalSection
	GlobalSection(ExtensibilityGlobals) = postSolution
		SolutionGuid = {FA2CCF78-5F03-48BD-9CAE-88A0BF17198C}
	EndGlobalSection
EndGlobal
